
Microsoft Visual Studio Solution File, Format Version 12.00
# Visual Studio Version 17
VisualStudioVersion = 17.7.34221.43
MinimumVisualStudioVersion = 10.0.40219.1
Project("{FAE04EC0-301F-11D3-BF4B-00C04F79EFBC}") = "PrimeiroProjeto", "PrimeiroProjeto.csproj", "{7AEBBB04-C763-452B-ABD2-3DA1FBE43910}"
EndProject
Global
	GlobalSection(SolutionConfigurationPlatforms) = preSolution
		Debug|Any CPU = Debug|Any CPU
		Release|Any CPU = Release|Any CPU
	EndGlobalSection
	GlobalSection(ProjectConfigurationPlatforms) = postSolution
		{7AEBBB04-C763-452B-ABD2-3DA1FBE43910}.Debug|Any CPU.ActiveCfg = Debug|Any CPU
		{7AEBBB04-C763-452B-ABD2-3DA1FBE43910}.Debug|Any CPU.Build.0 = Debug|Any CPU
		{7AEBBB04-C763-452B-ABD2-3DA1FBE43910}.Release|Any CPU.ActiveCfg = Release|Any CPU
		{7AEBBB04-C763-452B-ABD2-3DA1FBE43910}.Release|Any CPU.Build.0 = Release|Any CPU
	EndGlobalSection
	GlobalSection(SolutionProperties) = preSolution
		HideSolutionNode = FALSE
	EndGlobalSection
	GlobalSection(ExtensibilityGlobals) = postSolution
		SolutionGuid = {BB0E6526-6455-411F-BEAC-436CD677AA5D}
	EndGlobalSection
EndGlobal
