
Microsoft Visual Studio Solution File, Format Version 12.00
# Visual Studio Version 17
VisualStudioVersion = 17.7.34221.43
MinimumVisualStudioVersion = 10.0.40219.1
Project("{FAE04EC0-301F-11D3-BF4B-00C04F79EFBC}") = "Exercicio04", "Exercicio04.csproj", "{848F3CCF-772D-4755-8FCD-15C79E083DDD}"
EndProject
Global
	GlobalSection(SolutionConfigurationPlatforms) = preSolution
		Debug|Any CPU = Debug|Any CPU
		Release|Any CPU = Release|Any CPU
	EndGlobalSection
	GlobalSection(ProjectConfigurationPlatforms) = postSolution
		{848F3CCF-772D-4755-8FCD-15C79E083DDD}.Debug|Any CPU.ActiveCfg = Debug|Any CPU
		{848F3CCF-772D-4755-8FCD-15C79E083DDD}.Debug|Any CPU.Build.0 = Debug|Any CPU
		{848F3CCF-772D-4755-8FCD-15C79E083DDD}.Release|Any CPU.ActiveCfg = Release|Any CPU
		{848F3CCF-772D-4755-8FCD-15C79E083DDD}.Release|Any CPU.Build.0 = Release|Any CPU
	EndGlobalSection
	GlobalSection(SolutionProperties) = preSolution
		HideSolutionNode = FALSE
	EndGlobalSection
	GlobalSection(ExtensibilityGlobals) = postSolution
		SolutionGuid = {78612777-1FD2-48CD-8F8A-37700FEC72E6}
	EndGlobalSection
EndGlobal
