
Microsoft Visual Studio Solution File, Format Version 12.00
# Visual Studio Version 17
VisualStudioVersion = 17.7.34221.43
MinimumVisualStudioVersion = 10.0.40219.1
Project("{FAE04EC0-301F-11D3-BF4B-00C04F79EFBC}") = "Aula15", "Aula15.csproj", "{516E57CF-7E68-47E6-AC9B-941066806B88}"
EndProject
Global
	GlobalSection(SolutionConfigurationPlatforms) = preSolution
		Debug|Any CPU = Debug|Any CPU
		Release|Any CPU = Release|Any CPU
	EndGlobalSection
	GlobalSection(ProjectConfigurationPlatforms) = postSolution
		{516E57CF-7E68-47E6-AC9B-941066806B88}.Debug|Any CPU.ActiveCfg = Debug|Any CPU
		{516E57CF-7E68-47E6-AC9B-941066806B88}.Debug|Any CPU.Build.0 = Debug|Any CPU
		{516E57CF-7E68-47E6-AC9B-941066806B88}.Release|Any CPU.ActiveCfg = Release|Any CPU
		{516E57CF-7E68-47E6-AC9B-941066806B88}.Release|Any CPU.Build.0 = Release|Any CPU
	EndGlobalSection
	GlobalSection(SolutionProperties) = preSolution
		HideSolutionNode = FALSE
	EndGlobalSection
	GlobalSection(ExtensibilityGlobals) = postSolution
		SolutionGuid = {F492B146-0293-4FB0-84AD-86992F51ABE1}
	EndGlobalSection
EndGlobal
