
Microsoft Visual Studio Solution File, Format Version 12.00
# Visual Studio Version 17
VisualStudioVersion = 17.7.34221.43
MinimumVisualStudioVersion = 10.0.40219.1
Project("{FAE04EC0-301F-11D3-BF4B-00C04F79EFBC}") = "exercicio06", "exercicio06.csproj", "{5025752A-593E-4641-814E-6242FA086304}"
EndProject
Global
	GlobalSection(SolutionConfigurationPlatforms) = preSolution
		Debug|Any CPU = Debug|Any CPU
		Release|Any CPU = Release|Any CPU
	EndGlobalSection
	GlobalSection(ProjectConfigurationPlatforms) = postSolution
		{5025752A-593E-4641-814E-6242FA086304}.Debug|Any CPU.ActiveCfg = Debug|Any CPU
		{5025752A-593E-4641-814E-6242FA086304}.Debug|Any CPU.Build.0 = Debug|Any CPU
		{5025752A-593E-4641-814E-6242FA086304}.Release|Any CPU.ActiveCfg = Release|Any CPU
		{5025752A-593E-4641-814E-6242FA086304}.Release|Any CPU.Build.0 = Release|Any CPU
	EndGlobalSection
	GlobalSection(SolutionProperties) = preSolution
		HideSolutionNode = FALSE
	EndGlobalSection
	GlobalSection(ExtensibilityGlobals) = postSolution
		SolutionGuid = {CF9BA654-CDF3-4129-87FE-02AB9BE282F7}
	EndGlobalSection
EndGlobal
