
Microsoft Visual Studio Solution File, Format Version 12.00
# Visual Studio Version 17
VisualStudioVersion = 17.7.34221.43
MinimumVisualStudioVersion = 10.0.40219.1
Project("{FAE04EC0-301F-11D3-BF4B-00C04F79EFBC}") = "Desafio02", "Desafio02.csproj", "{62C78312-FC4D-4C39-8466-C64604F83773}"
EndProject
Global
	GlobalSection(SolutionConfigurationPlatforms) = preSolution
		Debug|Any CPU = Debug|Any CPU
		Release|Any CPU = Release|Any CPU
	EndGlobalSection
	GlobalSection(ProjectConfigurationPlatforms) = postSolution
		{62C78312-FC4D-4C39-8466-C64604F83773}.Debug|Any CPU.ActiveCfg = Debug|Any CPU
		{62C78312-FC4D-4C39-8466-C64604F83773}.Debug|Any CPU.Build.0 = Debug|Any CPU
		{62C78312-FC4D-4C39-8466-C64604F83773}.Release|Any CPU.ActiveCfg = Release|Any CPU
		{62C78312-FC4D-4C39-8466-C64604F83773}.Release|Any CPU.Build.0 = Release|Any CPU
	EndGlobalSection
	GlobalSection(SolutionProperties) = preSolution
		HideSolutionNode = FALSE
	EndGlobalSection
	GlobalSection(ExtensibilityGlobals) = postSolution
		SolutionGuid = {A430F2DB-1E6F-42A8-B36F-0BCFC2A1B9C8}
	EndGlobalSection
EndGlobal
