
Microsoft Visual Studio Solution File, Format Version 12.00
# Visual Studio Version 17
VisualStudioVersion = 17.7.34221.43
MinimumVisualStudioVersion = 10.0.40219.1
Project("{FAE04EC0-301F-11D3-BF4B-00C04F79EFBC}") = "Desafio01", "Desafio01.csproj", "{8B6A2D4C-C260-4691-A20B-56DD9BEE96F9}"
EndProject
Global
	GlobalSection(SolutionConfigurationPlatforms) = preSolution
		Debug|Any CPU = Debug|Any CPU
		Release|Any CPU = Release|Any CPU
	EndGlobalSection
	GlobalSection(ProjectConfigurationPlatforms) = postSolution
		{8B6A2D4C-C260-4691-A20B-56DD9BEE96F9}.Debug|Any CPU.ActiveCfg = Debug|Any CPU
		{8B6A2D4C-C260-4691-A20B-56DD9BEE96F9}.Debug|Any CPU.Build.0 = Debug|Any CPU
		{8B6A2D4C-C260-4691-A20B-56DD9BEE96F9}.Release|Any CPU.ActiveCfg = Release|Any CPU
		{8B6A2D4C-C260-4691-A20B-56DD9BEE96F9}.Release|Any CPU.Build.0 = Release|Any CPU
	EndGlobalSection
	GlobalSection(SolutionProperties) = preSolution
		HideSolutionNode = FALSE
	EndGlobalSection
	GlobalSection(ExtensibilityGlobals) = postSolution
		SolutionGuid = {DCCAE6B8-837D-4EE1-B8E8-DC8B7AA2EE03}
	EndGlobalSection
EndGlobal
